
Microsoft Visual Studio Solution File, Format Version 12.00
# Visual Studio Version 16
VisualStudioVersion = 16.0.30503.244
MinimumVisualStudioVersion = 10.0.40219.1
Project("{9A19103F-16F7-4668-BE54-9A1E7A4F7556}") = "CLeeflang_IndividueelProject", "CLeeflang_IndividueelProject.csproj", "{350965CF-FEE7-4B47-A475-8F7871C0226F}"
EndProject
Project("{9A19103F-16F7-4668-BE54-9A1E7A4F7556}") = "SQLDataAccess", "..\SQLDataAccess\SQLDataAccess.csproj", "{DD1EF7CC-7BA0-40D7-A2AC-687E0C8B5819}"
EndProject
Project("{9A19103F-16F7-4668-BE54-9A1E7A4F7556}") = "Interface", "..\Interface\Interface.csproj", "{C83EC96F-1B44-472F-848A-DB3EA3639231}"
EndProject
Project("{9A19103F-16F7-4668-BE54-9A1E7A4F7556}") = "Logic", "..\Logic\Logic.csproj", "{86EAAA4E-D727-48B2-B35B-1266B0CEB2D0}"
EndProject
Project("{9A19103F-16F7-4668-BE54-9A1E7A4F7556}") = "Models", "..\Models\Models.csproj", "{8D134C70-0606-4DBE-9637-207F6D6B02FC}"
EndProject
Project("{00D1A9C2-B5F0-4AF3-8072-F6C62B433612}") = "ProjectDataBase", "..\ProjectDataBase\ProjectDataBase.sqlproj", "{E90E2585-6229-43B2-9974-CF84361E5FE5}"
EndProject
Global
	GlobalSection(SolutionConfigurationPlatforms) = preSolution
		Debug|Any CPU = Debug|Any CPU
		Release|Any CPU = Release|Any CPU
	EndGlobalSection
	GlobalSection(ProjectConfigurationPlatforms) = postSolution
		{350965CF-FEE7-4B47-A475-8F7871C0226F}.Debug|Any CPU.ActiveCfg = Debug|Any CPU
		{350965CF-FEE7-4B47-A475-8F7871C0226F}.Debug|Any CPU.Build.0 = Debug|Any CPU
		{350965CF-FEE7-4B47-A475-8F7871C0226F}.Release|Any CPU.ActiveCfg = Release|Any CPU
		{350965CF-FEE7-4B47-A475-8F7871C0226F}.Release|Any CPU.Build.0 = Release|Any CPU
		{DD1EF7CC-7BA0-40D7-A2AC-687E0C8B5819}.Debug|Any CPU.ActiveCfg = Debug|Any CPU
		{DD1EF7CC-7BA0-40D7-A2AC-687E0C8B5819}.Debug|Any CPU.Build.0 = Debug|Any CPU
		{DD1EF7CC-7BA0-40D7-A2AC-687E0C8B5819}.Release|Any CPU.ActiveCfg = Release|Any CPU
		{DD1EF7CC-7BA0-40D7-A2AC-687E0C8B5819}.Release|Any CPU.Build.0 = Release|Any CPU
		{C83EC96F-1B44-472F-848A-DB3EA3639231}.Debug|Any CPU.ActiveCfg = Debug|Any CPU
		{C83EC96F-1B44-472F-848A-DB3EA3639231}.Debug|Any CPU.Build.0 = Debug|Any CPU
		{C83EC96F-1B44-472F-848A-DB3EA3639231}.Release|Any CPU.ActiveCfg = Release|Any CPU
		{C83EC96F-1B44-472F-848A-DB3EA3639231}.Release|Any CPU.Build.0 = Release|Any CPU
		{86EAAA4E-D727-48B2-B35B-1266B0CEB2D0}.Debug|Any CPU.ActiveCfg = Debug|Any CPU
		{86EAAA4E-D727-48B2-B35B-1266B0CEB2D0}.Debug|Any CPU.Build.0 = Debug|Any CPU
		{86EAAA4E-D727-48B2-B35B-1266B0CEB2D0}.Release|Any CPU.ActiveCfg = Release|Any CPU
		{86EAAA4E-D727-48B2-B35B-1266B0CEB2D0}.Release|Any CPU.Build.0 = Release|Any CPU
		{8D134C70-0606-4DBE-9637-207F6D6B02FC}.Debug|Any CPU.ActiveCfg = Debug|Any CPU
		{8D134C70-0606-4DBE-9637-207F6D6B02FC}.Debug|Any CPU.Build.0 = Debug|Any CPU
		{8D134C70-0606-4DBE-9637-207F6D6B02FC}.Release|Any CPU.ActiveCfg = Release|Any CPU
		{8D134C70-0606-4DBE-9637-207F6D6B02FC}.Release|Any CPU.Build.0 = Release|Any CPU
		{E90E2585-6229-43B2-9974-CF84361E5FE5}.Debug|Any CPU.ActiveCfg = Debug|Any CPU
		{E90E2585-6229-43B2-9974-CF84361E5FE5}.Debug|Any CPU.Build.0 = Debug|Any CPU
		{E90E2585-6229-43B2-9974-CF84361E5FE5}.Debug|Any CPU.Deploy.0 = Debug|Any CPU
		{E90E2585-6229-43B2-9974-CF84361E5FE5}.Release|Any CPU.ActiveCfg = Release|Any CPU
		{E90E2585-6229-43B2-9974-CF84361E5FE5}.Release|Any CPU.Build.0 = Release|Any CPU
		{E90E2585-6229-43B2-9974-CF84361E5FE5}.Release|Any CPU.Deploy.0 = Release|Any CPU
	EndGlobalSection
	GlobalSection(SolutionProperties) = preSolution
		HideSolutionNode = FALSE
	EndGlobalSection
	GlobalSection(ExtensibilityGlobals) = postSolution
		SolutionGuid = {4FBA5263-C4A6-4F32-86ED-D5CDA19D0381}
	EndGlobalSection
EndGlobal
